
Microsoft Visual Studio Solution File, Format Version 12.00
# Visual Studio Version 16
VisualStudioVersion = 16.0.30011.22
MinimumVisualStudioVersion = 10.0.40219.1
Project("{2150E333-8FDC-42A3-9474-1A3956D46DE8}") = "identity", "identity", "{925813A7-FB8B-4DCF-B975-569A0782D1FA}"
EndProject
Project("{2150E333-8FDC-42A3-9474-1A3956D46DE8}") = "complaint", "complaint", "{78CE2E12-D19E-4DB9-9DD6-027E244E8F25}"
EndProject
Project("{2150E333-8FDC-42A3-9474-1A3956D46DE8}") = "eventbus", "eventbus", "{9CF33F85-10A7-487C-8EF1-5AB5D399BBFB}"
EndProject
Project("{FAE04EC0-301F-11D3-BF4B-00C04F79EFBC}") = "complaint_API", "complaint_API\complaint_API.csproj", "{D39F055E-A45B-45CF-AF71-95B47440EAAC}"
EndProject
Project("{FAE04EC0-301F-11D3-BF4B-00C04F79EFBC}") = "complaint.Data", "complaint.Data\complaint.Data.csproj", "{FAA5DBEF-85CE-4D61-A336-B40A76EC1587}"
EndProject
Project("{FAE04EC0-301F-11D3-BF4B-00C04F79EFBC}") = "complaint.Test", "complaint.Test\complaint.Test.csproj", "{8AFB407C-DC42-4C9F-8019-4D38603546B6}"
EndProject
Project("{FAE04EC0-301F-11D3-BF4B-00C04F79EFBC}") = "EventBus.RabbitMQ", "EventBus.RabbitMQ\EventBus.RabbitMQ.csproj", "{42ED0A8E-181D-4B0E-91AB-F0129073257F}"
EndProject
Project("{FAE04EC0-301F-11D3-BF4B-00C04F79EFBC}") = "identity.API", "identity.API\identity.API.csproj", "{D587709C-C72E-4B0B-A80A-E856393150EC}"
EndProject
Project("{FAE04EC0-301F-11D3-BF4B-00C04F79EFBC}") = "identity.Data", "identity.Data\identity.Data.csproj", "{0DB8680E-3F55-4E79-BC90-B788B3A04C31}"
EndProject
Project("{FAE04EC0-301F-11D3-BF4B-00C04F79EFBC}") = "identity.test", "identity.test\identity.test.csproj", "{643ED202-8E00-49BC-B379-D827525DF3F4}"
EndProject
Project("{E53339B2-1760-4266-BCC7-CA923CBCF16C}") = "docker-compose", "docker-compose.dcproj", "{9EFDD5BA-A448-4093-9643-5F8891390762}"
EndProject
Project("{2150E333-8FDC-42A3-9474-1A3956D46DE8}") = "Solution Items", "Solution Items", "{41CACEEE-1987-4ED3-BB5E-AF121C3C7505}"
	ProjectSection(SolutionItems) = preProject
		.gitignore = .gitignore
	EndProjectSection
EndProject
Global
	GlobalSection(SolutionConfigurationPlatforms) = preSolution
		Debug|Any CPU = Debug|Any CPU
		Release|Any CPU = Release|Any CPU
	EndGlobalSection
	GlobalSection(ProjectConfigurationPlatforms) = postSolution
		{D39F055E-A45B-45CF-AF71-95B47440EAAC}.Debug|Any CPU.ActiveCfg = Debug|Any CPU
		{D39F055E-A45B-45CF-AF71-95B47440EAAC}.Debug|Any CPU.Build.0 = Debug|Any CPU
		{D39F055E-A45B-45CF-AF71-95B47440EAAC}.Release|Any CPU.ActiveCfg = Release|Any CPU
		{D39F055E-A45B-45CF-AF71-95B47440EAAC}.Release|Any CPU.Build.0 = Release|Any CPU
		{FAA5DBEF-85CE-4D61-A336-B40A76EC1587}.Debug|Any CPU.ActiveCfg = Debug|Any CPU
		{FAA5DBEF-85CE-4D61-A336-B40A76EC1587}.Debug|Any CPU.Build.0 = Debug|Any CPU
		{FAA5DBEF-85CE-4D61-A336-B40A76EC1587}.Release|Any CPU.ActiveCfg = Release|Any CPU
		{FAA5DBEF-85CE-4D61-A336-B40A76EC1587}.Release|Any CPU.Build.0 = Release|Any CPU
		{8AFB407C-DC42-4C9F-8019-4D38603546B6}.Debug|Any CPU.ActiveCfg = Debug|Any CPU
		{8AFB407C-DC42-4C9F-8019-4D38603546B6}.Debug|Any CPU.Build.0 = Debug|Any CPU
		{8AFB407C-DC42-4C9F-8019-4D38603546B6}.Release|Any CPU.ActiveCfg = Release|Any CPU
		{8AFB407C-DC42-4C9F-8019-4D38603546B6}.Release|Any CPU.Build.0 = Release|Any CPU
		{42ED0A8E-181D-4B0E-91AB-F0129073257F}.Debug|Any CPU.ActiveCfg = Debug|Any CPU
		{42ED0A8E-181D-4B0E-91AB-F0129073257F}.Debug|Any CPU.Build.0 = Debug|Any CPU
		{42ED0A8E-181D-4B0E-91AB-F0129073257F}.Release|Any CPU.ActiveCfg = Release|Any CPU
		{42ED0A8E-181D-4B0E-91AB-F0129073257F}.Release|Any CPU.Build.0 = Release|Any CPU
		{D587709C-C72E-4B0B-A80A-E856393150EC}.Debug|Any CPU.ActiveCfg = Debug|Any CPU
		{D587709C-C72E-4B0B-A80A-E856393150EC}.Debug|Any CPU.Build.0 = Debug|Any CPU
		{D587709C-C72E-4B0B-A80A-E856393150EC}.Release|Any CPU.ActiveCfg = Release|Any CPU
		{D587709C-C72E-4B0B-A80A-E856393150EC}.Release|Any CPU.Build.0 = Release|Any CPU
		{0DB8680E-3F55-4E79-BC90-B788B3A04C31}.Debug|Any CPU.ActiveCfg = Debug|Any CPU
		{0DB8680E-3F55-4E79-BC90-B788B3A04C31}.Debug|Any CPU.Build.0 = Debug|Any CPU
		{0DB8680E-3F55-4E79-BC90-B788B3A04C31}.Release|Any CPU.ActiveCfg = Release|Any CPU
		{0DB8680E-3F55-4E79-BC90-B788B3A04C31}.Release|Any CPU.Build.0 = Release|Any CPU
		{643ED202-8E00-49BC-B379-D827525DF3F4}.Debug|Any CPU.ActiveCfg = Debug|Any CPU
		{643ED202-8E00-49BC-B379-D827525DF3F4}.Debug|Any CPU.Build.0 = Debug|Any CPU
		{643ED202-8E00-49BC-B379-D827525DF3F4}.Release|Any CPU.ActiveCfg = Release|Any CPU
		{643ED202-8E00-49BC-B379-D827525DF3F4}.Release|Any CPU.Build.0 = Release|Any CPU
		{9EFDD5BA-A448-4093-9643-5F8891390762}.Debug|Any CPU.ActiveCfg = Debug|Any CPU
		{9EFDD5BA-A448-4093-9643-5F8891390762}.Debug|Any CPU.Build.0 = Debug|Any CPU
		{9EFDD5BA-A448-4093-9643-5F8891390762}.Release|Any CPU.ActiveCfg = Release|Any CPU
		{9EFDD5BA-A448-4093-9643-5F8891390762}.Release|Any CPU.Build.0 = Release|Any CPU
	EndGlobalSection
	GlobalSection(SolutionProperties) = preSolution
		HideSolutionNode = FALSE
	EndGlobalSection
	GlobalSection(NestedProjects) = preSolution
		{D39F055E-A45B-45CF-AF71-95B47440EAAC} = {78CE2E12-D19E-4DB9-9DD6-027E244E8F25}
		{FAA5DBEF-85CE-4D61-A336-B40A76EC1587} = {78CE2E12-D19E-4DB9-9DD6-027E244E8F25}
		{8AFB407C-DC42-4C9F-8019-4D38603546B6} = {78CE2E12-D19E-4DB9-9DD6-027E244E8F25}
		{42ED0A8E-181D-4B0E-91AB-F0129073257F} = {9CF33F85-10A7-487C-8EF1-5AB5D399BBFB}
		{D587709C-C72E-4B0B-A80A-E856393150EC} = {925813A7-FB8B-4DCF-B975-569A0782D1FA}
		{0DB8680E-3F55-4E79-BC90-B788B3A04C31} = {925813A7-FB8B-4DCF-B975-569A0782D1FA}
		{643ED202-8E00-49BC-B379-D827525DF3F4} = {925813A7-FB8B-4DCF-B975-569A0782D1FA}
	EndGlobalSection
	GlobalSection(ExtensibilityGlobals) = postSolution
		SolutionGuid = {E5FEB5E1-79EE-46BB-858E-DD908CA93FE4}
	EndGlobalSection
EndGlobal
