
Microsoft Visual Studio Solution File, Format Version 12.00
# Visual Studio Version 16
VisualStudioVersion = 16.0.30011.22
MinimumVisualStudioVersion = 10.0.40219.1
Project("{2150E333-8FDC-42A3-9474-1A3956D46DE8}") = "Solution Items", "Solution Items", "{41CACEEE-1987-4ED3-BB5E-AF121C3C7505}"
	ProjectSection(SolutionItems) = preProject
		.gitignore = .gitignore
	EndProjectSection
EndProject
Project("{2150E333-8FDC-42A3-9474-1A3956D46DE8}") = "complaint_gateway", "complaint_gateway", "{879E4EA0-7305-4F58-8CE7-F8E32AEE46CD}"
EndProject
Project("{2150E333-8FDC-42A3-9474-1A3956D46DE8}") = "identity", "identity", "{8EE1C73F-8ABA-485A-90D3-744B6EA1A699}"
EndProject
Project("{2150E333-8FDC-42A3-9474-1A3956D46DE8}") = "compliant", "compliant", "{180462F5-873F-4F09-BCE7-EBE3927507F4}"
EndProject
Project("{2150E333-8FDC-42A3-9474-1A3956D46DE8}") = "Eventbus", "Eventbus", "{C4669AC4-04EC-4A45-BD68-9BECBDC650F6}"
EndProject
Project("{9A19103F-16F7-4668-BE54-9A1E7A4F7556}") = "identity.test", "identity.test\identity.test.csproj", "{7A80004B-B93C-4E92-A961-638C09699AAF}"
EndProject
Project("{9A19103F-16F7-4668-BE54-9A1E7A4F7556}") = "identity.Data", "identity.Data\identity.Data.csproj", "{559A658E-8780-4127-9D94-BEAB50D5BFBF}"
EndProject
Project("{9A19103F-16F7-4668-BE54-9A1E7A4F7556}") = "EventBus.RabbitMQ", "EventBus.RabbitMQ\EventBus.RabbitMQ.csproj", "{D2260BF3-B86B-43D6-98A3-C8226E1CB0F2}"
EndProject
Project("{9A19103F-16F7-4668-BE54-9A1E7A4F7556}") = "IdentityServer", "IdentityServer\IdentityServer.csproj", "{9D1BD185-15D8-4EEF-A848-3D6DB15DC048}"
EndProject
Project("{E53339B2-1760-4266-BCC7-CA923CBCF16C}") = "docker-compose", "docker-compose.dcproj", "{D3FF51DA-05DF-44E1-9DDD-5526374DC32B}"
EndProject
Project("{2150E333-8FDC-42A3-9474-1A3956D46DE8}") = "Response", "Response", "{09A7B448-2044-482F-8D7F-FE0786616893}"
EndProject
Project("{9A19103F-16F7-4668-BE54-9A1E7A4F7556}") = "Response", "Reponse\Response.csproj", "{C76CF2B8-9516-40C7-B892-B0D12423126B}"
EndProject
Project("{9A19103F-16F7-4668-BE54-9A1E7A4F7556}") = "gateway.Data", "gateway.Data\gateway.Data.csproj", "{AC8E1C1C-F740-4328-9388-260324C73AAA}"
EndProject
Project("{9A19103F-16F7-4668-BE54-9A1E7A4F7556}") = "gateway.Test", "gateway.Test\gateway.Test.csproj", "{E13C2540-7C65-41F3-96D8-4450620DB6FE}"
EndProject
Project("{9A19103F-16F7-4668-BE54-9A1E7A4F7556}") = "complaint_gateway.APi", "complaint_gateway.APi\complaint_gateway.APi.csproj", "{12521DB0-01C9-48C5-9F84-7C93402892AC}"
EndProject
Project("{9A19103F-16F7-4668-BE54-9A1E7A4F7556}") = "complaint.Test", "complaint.Test\complaint.Test.csproj", "{F850CDFE-C1C4-4E44-8B16-B6DE3C24FBBD}"
EndProject
Project("{9A19103F-16F7-4668-BE54-9A1E7A4F7556}") = "complaint.Data", "complaint.Data\complaint.Data.csproj", "{E87E686D-E0F6-48C6-95F3-27248F287292}"
EndProject
Project("{9A19103F-16F7-4668-BE54-9A1E7A4F7556}") = "complaint_API", "complaint_API\complaint_API.csproj", "{06E3CA5A-09B6-4CB2-B67B-09928680177A}"
EndProject
Global
	GlobalSection(SolutionConfigurationPlatforms) = preSolution
		Debug|Any CPU = Debug|Any CPU
		Release|Any CPU = Release|Any CPU
	EndGlobalSection
	GlobalSection(ProjectConfigurationPlatforms) = postSolution
		{7A80004B-B93C-4E92-A961-638C09699AAF}.Debug|Any CPU.ActiveCfg = Debug|Any CPU
		{7A80004B-B93C-4E92-A961-638C09699AAF}.Debug|Any CPU.Build.0 = Debug|Any CPU
		{7A80004B-B93C-4E92-A961-638C09699AAF}.Release|Any CPU.ActiveCfg = Release|Any CPU
		{7A80004B-B93C-4E92-A961-638C09699AAF}.Release|Any CPU.Build.0 = Release|Any CPU
		{559A658E-8780-4127-9D94-BEAB50D5BFBF}.Debug|Any CPU.ActiveCfg = Debug|Any CPU
		{559A658E-8780-4127-9D94-BEAB50D5BFBF}.Debug|Any CPU.Build.0 = Debug|Any CPU
		{559A658E-8780-4127-9D94-BEAB50D5BFBF}.Release|Any CPU.ActiveCfg = Release|Any CPU
		{559A658E-8780-4127-9D94-BEAB50D5BFBF}.Release|Any CPU.Build.0 = Release|Any CPU
		{D2260BF3-B86B-43D6-98A3-C8226E1CB0F2}.Debug|Any CPU.ActiveCfg = Debug|Any CPU
		{D2260BF3-B86B-43D6-98A3-C8226E1CB0F2}.Debug|Any CPU.Build.0 = Debug|Any CPU
		{D2260BF3-B86B-43D6-98A3-C8226E1CB0F2}.Release|Any CPU.ActiveCfg = Release|Any CPU
		{D2260BF3-B86B-43D6-98A3-C8226E1CB0F2}.Release|Any CPU.Build.0 = Release|Any CPU
		{9D1BD185-15D8-4EEF-A848-3D6DB15DC048}.Debug|Any CPU.ActiveCfg = Debug|Any CPU
		{9D1BD185-15D8-4EEF-A848-3D6DB15DC048}.Debug|Any CPU.Build.0 = Debug|Any CPU
		{9D1BD185-15D8-4EEF-A848-3D6DB15DC048}.Release|Any CPU.ActiveCfg = Release|Any CPU
		{9D1BD185-15D8-4EEF-A848-3D6DB15DC048}.Release|Any CPU.Build.0 = Release|Any CPU
		{D3FF51DA-05DF-44E1-9DDD-5526374DC32B}.Debug|Any CPU.ActiveCfg = Debug|Any CPU
		{D3FF51DA-05DF-44E1-9DDD-5526374DC32B}.Debug|Any CPU.Build.0 = Debug|Any CPU
		{D3FF51DA-05DF-44E1-9DDD-5526374DC32B}.Release|Any CPU.ActiveCfg = Release|Any CPU
		{D3FF51DA-05DF-44E1-9DDD-5526374DC32B}.Release|Any CPU.Build.0 = Release|Any CPU
		{C76CF2B8-9516-40C7-B892-B0D12423126B}.Debug|Any CPU.ActiveCfg = Debug|Any CPU
		{C76CF2B8-9516-40C7-B892-B0D12423126B}.Debug|Any CPU.Build.0 = Debug|Any CPU
		{C76CF2B8-9516-40C7-B892-B0D12423126B}.Release|Any CPU.ActiveCfg = Release|Any CPU
		{C76CF2B8-9516-40C7-B892-B0D12423126B}.Release|Any CPU.Build.0 = Release|Any CPU
		{AC8E1C1C-F740-4328-9388-260324C73AAA}.Debug|Any CPU.ActiveCfg = Debug|Any CPU
		{AC8E1C1C-F740-4328-9388-260324C73AAA}.Debug|Any CPU.Build.0 = Debug|Any CPU
		{AC8E1C1C-F740-4328-9388-260324C73AAA}.Release|Any CPU.ActiveCfg = Release|Any CPU
		{AC8E1C1C-F740-4328-9388-260324C73AAA}.Release|Any CPU.Build.0 = Release|Any CPU
		{E13C2540-7C65-41F3-96D8-4450620DB6FE}.Debug|Any CPU.ActiveCfg = Debug|Any CPU
		{E13C2540-7C65-41F3-96D8-4450620DB6FE}.Debug|Any CPU.Build.0 = Debug|Any CPU
		{E13C2540-7C65-41F3-96D8-4450620DB6FE}.Release|Any CPU.ActiveCfg = Release|Any CPU
		{E13C2540-7C65-41F3-96D8-4450620DB6FE}.Release|Any CPU.Build.0 = Release|Any CPU
		{12521DB0-01C9-48C5-9F84-7C93402892AC}.Debug|Any CPU.ActiveCfg = Debug|Any CPU
		{12521DB0-01C9-48C5-9F84-7C93402892AC}.Debug|Any CPU.Build.0 = Debug|Any CPU
		{12521DB0-01C9-48C5-9F84-7C93402892AC}.Release|Any CPU.ActiveCfg = Release|Any CPU
		{12521DB0-01C9-48C5-9F84-7C93402892AC}.Release|Any CPU.Build.0 = Release|Any CPU
		{F850CDFE-C1C4-4E44-8B16-B6DE3C24FBBD}.Debug|Any CPU.ActiveCfg = Debug|Any CPU
		{F850CDFE-C1C4-4E44-8B16-B6DE3C24FBBD}.Debug|Any CPU.Build.0 = Debug|Any CPU
		{F850CDFE-C1C4-4E44-8B16-B6DE3C24FBBD}.Release|Any CPU.ActiveCfg = Release|Any CPU
		{F850CDFE-C1C4-4E44-8B16-B6DE3C24FBBD}.Release|Any CPU.Build.0 = Release|Any CPU
		{E87E686D-E0F6-48C6-95F3-27248F287292}.Debug|Any CPU.ActiveCfg = Debug|Any CPU
		{E87E686D-E0F6-48C6-95F3-27248F287292}.Debug|Any CPU.Build.0 = Debug|Any CPU
		{E87E686D-E0F6-48C6-95F3-27248F287292}.Release|Any CPU.ActiveCfg = Release|Any CPU
		{E87E686D-E0F6-48C6-95F3-27248F287292}.Release|Any CPU.Build.0 = Release|Any CPU
		{06E3CA5A-09B6-4CB2-B67B-09928680177A}.Debug|Any CPU.ActiveCfg = Debug|Any CPU
		{06E3CA5A-09B6-4CB2-B67B-09928680177A}.Debug|Any CPU.Build.0 = Debug|Any CPU
		{06E3CA5A-09B6-4CB2-B67B-09928680177A}.Release|Any CPU.ActiveCfg = Release|Any CPU
		{06E3CA5A-09B6-4CB2-B67B-09928680177A}.Release|Any CPU.Build.0 = Release|Any CPU
	EndGlobalSection
	GlobalSection(SolutionProperties) = preSolution
		HideSolutionNode = FALSE
	EndGlobalSection
	GlobalSection(NestedProjects) = preSolution
		{7A80004B-B93C-4E92-A961-638C09699AAF} = {8EE1C73F-8ABA-485A-90D3-744B6EA1A699}
		{559A658E-8780-4127-9D94-BEAB50D5BFBF} = {8EE1C73F-8ABA-485A-90D3-744B6EA1A699}
		{D2260BF3-B86B-43D6-98A3-C8226E1CB0F2} = {C4669AC4-04EC-4A45-BD68-9BECBDC650F6}
		{9D1BD185-15D8-4EEF-A848-3D6DB15DC048} = {8EE1C73F-8ABA-485A-90D3-744B6EA1A699}
		{C76CF2B8-9516-40C7-B892-B0D12423126B} = {09A7B448-2044-482F-8D7F-FE0786616893}
		{AC8E1C1C-F740-4328-9388-260324C73AAA} = {879E4EA0-7305-4F58-8CE7-F8E32AEE46CD}
		{E13C2540-7C65-41F3-96D8-4450620DB6FE} = {879E4EA0-7305-4F58-8CE7-F8E32AEE46CD}
		{12521DB0-01C9-48C5-9F84-7C93402892AC} = {879E4EA0-7305-4F58-8CE7-F8E32AEE46CD}
		{F850CDFE-C1C4-4E44-8B16-B6DE3C24FBBD} = {180462F5-873F-4F09-BCE7-EBE3927507F4}
		{E87E686D-E0F6-48C6-95F3-27248F287292} = {180462F5-873F-4F09-BCE7-EBE3927507F4}
		{06E3CA5A-09B6-4CB2-B67B-09928680177A} = {180462F5-873F-4F09-BCE7-EBE3927507F4}
	EndGlobalSection
	GlobalSection(ExtensibilityGlobals) = postSolution
		SolutionGuid = {E5FEB5E1-79EE-46BB-858E-DD908CA93FE4}
	EndGlobalSection
EndGlobal
