
Microsoft Visual Studio Solution File, Format Version 12.00
# Visual Studio Version 16
VisualStudioVersion = 16.0.30011.22
MinimumVisualStudioVersion = 10.0.40219.1
Project("{2150E333-8FDC-42A3-9474-1A3956D46DE8}") = "Solution Items", "Solution Items", "{41CACEEE-1987-4ED3-BB5E-AF121C3C7505}"
	ProjectSection(SolutionItems) = preProject
		.gitignore = .gitignore
	EndProjectSection
EndProject
Project("{2150E333-8FDC-42A3-9474-1A3956D46DE8}") = "complaint_gateway", "complaint_gateway", "{879E4EA0-7305-4F58-8CE7-F8E32AEE46CD}"
EndProject
Project("{9A19103F-16F7-4668-BE54-9A1E7A4F7556}") = "complaint_gateway.APi", "complaint_gateway.APi\complaint_gateway.APi.csproj", "{C80CD4A2-461F-4F97-A2C9-1543D2694C4A}"
EndProject
Project("{9A19103F-16F7-4668-BE54-9A1E7A4F7556}") = "gateway.Data", "gateway.Data\gateway.Data.csproj", "{6F4CDCBC-EA8B-43E7-95BD-CF906E504D94}"
EndProject
Project("{9A19103F-16F7-4668-BE54-9A1E7A4F7556}") = "gateway.Test", "gateway.Test\gateway.Test.csproj", "{F489FEF7-CE5E-4507-9178-56EEAFC61086}"
EndProject
Project("{2150E333-8FDC-42A3-9474-1A3956D46DE8}") = "identity", "identity", "{8EE1C73F-8ABA-485A-90D3-744B6EA1A699}"
EndProject
Project("{2150E333-8FDC-42A3-9474-1A3956D46DE8}") = "compliant", "compliant", "{180462F5-873F-4F09-BCE7-EBE3927507F4}"
EndProject
Project("{2150E333-8FDC-42A3-9474-1A3956D46DE8}") = "Eventbus", "Eventbus", "{C4669AC4-04EC-4A45-BD68-9BECBDC650F6}"
EndProject
Project("{9A19103F-16F7-4668-BE54-9A1E7A4F7556}") = "identity.test", "identity.test\identity.test.csproj", "{7A80004B-B93C-4E92-A961-638C09699AAF}"
EndProject
Project("{9A19103F-16F7-4668-BE54-9A1E7A4F7556}") = "identity.Data", "identity.Data\identity.Data.csproj", "{559A658E-8780-4127-9D94-BEAB50D5BFBF}"
EndProject
Project("{9A19103F-16F7-4668-BE54-9A1E7A4F7556}") = "complaint_API", "complaint_API\complaint_API.csproj", "{D7C73077-01CB-486E-B755-D145E560F34D}"
EndProject
Project("{9A19103F-16F7-4668-BE54-9A1E7A4F7556}") = "complaint.Test", "complaint.Test\complaint.Test.csproj", "{AD93F6F6-D3C0-42B1-BD3F-4405A3C20F48}"
EndProject
Project("{9A19103F-16F7-4668-BE54-9A1E7A4F7556}") = "complaint.Data", "complaint.Data\complaint.Data.csproj", "{A5EE8A56-32EB-4FB9-8A35-8E78A4A26E6A}"
EndProject
Project("{9A19103F-16F7-4668-BE54-9A1E7A4F7556}") = "EventBus.RabbitMQ", "EventBus.RabbitMQ\EventBus.RabbitMQ.csproj", "{D2260BF3-B86B-43D6-98A3-C8226E1CB0F2}"
EndProject
Project("{9A19103F-16F7-4668-BE54-9A1E7A4F7556}") = "IdentityServer", "IdentityServer\IdentityServer.csproj", "{9D1BD185-15D8-4EEF-A848-3D6DB15DC048}"
EndProject
Project("{E53339B2-1760-4266-BCC7-CA923CBCF16C}") = "docker-compose", "docker-compose.dcproj", "{D3FF51DA-05DF-44E1-9DDD-5526374DC32B}"
EndProject
Global
	GlobalSection(SolutionConfigurationPlatforms) = preSolution
		Debug|Any CPU = Debug|Any CPU
		Release|Any CPU = Release|Any CPU
	EndGlobalSection
	GlobalSection(ProjectConfigurationPlatforms) = postSolution
		{C80CD4A2-461F-4F97-A2C9-1543D2694C4A}.Debug|Any CPU.ActiveCfg = Debug|Any CPU
		{C80CD4A2-461F-4F97-A2C9-1543D2694C4A}.Debug|Any CPU.Build.0 = Debug|Any CPU
		{C80CD4A2-461F-4F97-A2C9-1543D2694C4A}.Release|Any CPU.ActiveCfg = Release|Any CPU
		{C80CD4A2-461F-4F97-A2C9-1543D2694C4A}.Release|Any CPU.Build.0 = Release|Any CPU
		{6F4CDCBC-EA8B-43E7-95BD-CF906E504D94}.Debug|Any CPU.ActiveCfg = Debug|Any CPU
		{6F4CDCBC-EA8B-43E7-95BD-CF906E504D94}.Debug|Any CPU.Build.0 = Debug|Any CPU
		{6F4CDCBC-EA8B-43E7-95BD-CF906E504D94}.Release|Any CPU.ActiveCfg = Release|Any CPU
		{6F4CDCBC-EA8B-43E7-95BD-CF906E504D94}.Release|Any CPU.Build.0 = Release|Any CPU
		{F489FEF7-CE5E-4507-9178-56EEAFC61086}.Debug|Any CPU.ActiveCfg = Debug|Any CPU
		{F489FEF7-CE5E-4507-9178-56EEAFC61086}.Debug|Any CPU.Build.0 = Debug|Any CPU
		{F489FEF7-CE5E-4507-9178-56EEAFC61086}.Release|Any CPU.ActiveCfg = Release|Any CPU
		{F489FEF7-CE5E-4507-9178-56EEAFC61086}.Release|Any CPU.Build.0 = Release|Any CPU
		{7A80004B-B93C-4E92-A961-638C09699AAF}.Debug|Any CPU.ActiveCfg = Debug|Any CPU
		{7A80004B-B93C-4E92-A961-638C09699AAF}.Debug|Any CPU.Build.0 = Debug|Any CPU
		{7A80004B-B93C-4E92-A961-638C09699AAF}.Release|Any CPU.ActiveCfg = Release|Any CPU
		{7A80004B-B93C-4E92-A961-638C09699AAF}.Release|Any CPU.Build.0 = Release|Any CPU
		{559A658E-8780-4127-9D94-BEAB50D5BFBF}.Debug|Any CPU.ActiveCfg = Debug|Any CPU
		{559A658E-8780-4127-9D94-BEAB50D5BFBF}.Debug|Any CPU.Build.0 = Debug|Any CPU
		{559A658E-8780-4127-9D94-BEAB50D5BFBF}.Release|Any CPU.ActiveCfg = Release|Any CPU
		{559A658E-8780-4127-9D94-BEAB50D5BFBF}.Release|Any CPU.Build.0 = Release|Any CPU
		{D7C73077-01CB-486E-B755-D145E560F34D}.Debug|Any CPU.ActiveCfg = Debug|Any CPU
		{D7C73077-01CB-486E-B755-D145E560F34D}.Debug|Any CPU.Build.0 = Debug|Any CPU
		{D7C73077-01CB-486E-B755-D145E560F34D}.Release|Any CPU.ActiveCfg = Release|Any CPU
		{D7C73077-01CB-486E-B755-D145E560F34D}.Release|Any CPU.Build.0 = Release|Any CPU
		{AD93F6F6-D3C0-42B1-BD3F-4405A3C20F48}.Debug|Any CPU.ActiveCfg = Debug|Any CPU
		{AD93F6F6-D3C0-42B1-BD3F-4405A3C20F48}.Debug|Any CPU.Build.0 = Debug|Any CPU
		{AD93F6F6-D3C0-42B1-BD3F-4405A3C20F48}.Release|Any CPU.ActiveCfg = Release|Any CPU
		{AD93F6F6-D3C0-42B1-BD3F-4405A3C20F48}.Release|Any CPU.Build.0 = Release|Any CPU
		{A5EE8A56-32EB-4FB9-8A35-8E78A4A26E6A}.Debug|Any CPU.ActiveCfg = Debug|Any CPU
		{A5EE8A56-32EB-4FB9-8A35-8E78A4A26E6A}.Debug|Any CPU.Build.0 = Debug|Any CPU
		{A5EE8A56-32EB-4FB9-8A35-8E78A4A26E6A}.Release|Any CPU.ActiveCfg = Release|Any CPU
		{A5EE8A56-32EB-4FB9-8A35-8E78A4A26E6A}.Release|Any CPU.Build.0 = Release|Any CPU
		{D2260BF3-B86B-43D6-98A3-C8226E1CB0F2}.Debug|Any CPU.ActiveCfg = Debug|Any CPU
		{D2260BF3-B86B-43D6-98A3-C8226E1CB0F2}.Debug|Any CPU.Build.0 = Debug|Any CPU
		{D2260BF3-B86B-43D6-98A3-C8226E1CB0F2}.Release|Any CPU.ActiveCfg = Release|Any CPU
		{D2260BF3-B86B-43D6-98A3-C8226E1CB0F2}.Release|Any CPU.Build.0 = Release|Any CPU
		{9D1BD185-15D8-4EEF-A848-3D6DB15DC048}.Debug|Any CPU.ActiveCfg = Debug|Any CPU
		{9D1BD185-15D8-4EEF-A848-3D6DB15DC048}.Debug|Any CPU.Build.0 = Debug|Any CPU
		{9D1BD185-15D8-4EEF-A848-3D6DB15DC048}.Release|Any CPU.ActiveCfg = Release|Any CPU
		{9D1BD185-15D8-4EEF-A848-3D6DB15DC048}.Release|Any CPU.Build.0 = Release|Any CPU
		{D3FF51DA-05DF-44E1-9DDD-5526374DC32B}.Debug|Any CPU.ActiveCfg = Debug|Any CPU
		{D3FF51DA-05DF-44E1-9DDD-5526374DC32B}.Debug|Any CPU.Build.0 = Debug|Any CPU
		{D3FF51DA-05DF-44E1-9DDD-5526374DC32B}.Release|Any CPU.ActiveCfg = Release|Any CPU
		{D3FF51DA-05DF-44E1-9DDD-5526374DC32B}.Release|Any CPU.Build.0 = Release|Any CPU
	EndGlobalSection
	GlobalSection(SolutionProperties) = preSolution
		HideSolutionNode = FALSE
	EndGlobalSection
	GlobalSection(NestedProjects) = preSolution
		{C80CD4A2-461F-4F97-A2C9-1543D2694C4A} = {879E4EA0-7305-4F58-8CE7-F8E32AEE46CD}
		{6F4CDCBC-EA8B-43E7-95BD-CF906E504D94} = {879E4EA0-7305-4F58-8CE7-F8E32AEE46CD}
		{F489FEF7-CE5E-4507-9178-56EEAFC61086} = {879E4EA0-7305-4F58-8CE7-F8E32AEE46CD}
		{7A80004B-B93C-4E92-A961-638C09699AAF} = {8EE1C73F-8ABA-485A-90D3-744B6EA1A699}
		{559A658E-8780-4127-9D94-BEAB50D5BFBF} = {8EE1C73F-8ABA-485A-90D3-744B6EA1A699}
		{D7C73077-01CB-486E-B755-D145E560F34D} = {180462F5-873F-4F09-BCE7-EBE3927507F4}
		{AD93F6F6-D3C0-42B1-BD3F-4405A3C20F48} = {180462F5-873F-4F09-BCE7-EBE3927507F4}
		{A5EE8A56-32EB-4FB9-8A35-8E78A4A26E6A} = {180462F5-873F-4F09-BCE7-EBE3927507F4}
		{D2260BF3-B86B-43D6-98A3-C8226E1CB0F2} = {C4669AC4-04EC-4A45-BD68-9BECBDC650F6}
		{9D1BD185-15D8-4EEF-A848-3D6DB15DC048} = {8EE1C73F-8ABA-485A-90D3-744B6EA1A699}
	EndGlobalSection
	GlobalSection(ExtensibilityGlobals) = postSolution
		SolutionGuid = {E5FEB5E1-79EE-46BB-858E-DD908CA93FE4}
	EndGlobalSection
EndGlobal
